<?xml version="1.0" encoding="utf-8"?>
<Project ToolsVersion="4.0" xmlns="http://schemas.microsoft.com/developer/msbuild/2003">
  <ItemGroup>
    <Filter Include="Source Files">
      <UniqueIdentifier>{4FC737F1-C7A5-4376-A066-2A32D752A2FF}</UniqueIdentifier>
      <Extensions>cpp;c;cc;cxx;def;odl;idl;hpj;bat;asm;asmx</Extensions>
    </Filter>
    <Filter Include="Source Files\lua">
      <UniqueIdentifier>{f9a48029-1aee-4b5c-8df3-a211edfcfa99}</UniqueIdentifier>
    </Filter>
  </ItemGroup>
  <ItemGroup>
    <ClCompile Include="..\source\source\buildnum.cpp">
      <Filter>Source Files</Filter>
    </ClCompile>
    <ClCompile Include="..\source\source\command_dev.cpp">
      <Filter>Source Files</Filter>
    </ClCompile>
    <ClCompile Include="..\source\source\command_general.cpp">
      <Filter>Source Files</Filter>
    </ClCompile>
    <ClCompile Include="..\source\source\compress.cpp">
      <Filter>Source Files</Filter>
    </ClCompile>
    <ClCompile Include="..\source\source\exceptions.cpp">
      <Filter>Source Files</Filter>
    </ClCompile>
    <ClCompile Include="..\source\source\generate.cpp">
      <Filter>Source Files</Filter>
    </ClCompile>
    <ClCompile Include="..\source\source\globalcontext.cpp">
      <Filter>Source Files</Filter>
    </ClCompile>
    <ClCompile Include="..\source\source\globallogger.cpp">
      <Filter>Source Files</Filter>
    </ClCompile>
    <ClCompile Include="..\source\source\main.cpp">
      <Filter>Source Files</Filter>
    </ClCompile>
    <ClCompile Include="..\source\source\params.cpp">
      <Filter>Source Files</Filter>
    </ClCompile>
    <ClCompile Include="..\source\source\service.cpp">
      <Filter>Source Files</Filter>
    </ClCompile>
    <ClCompile Include="..\source\source\service_backup.cpp">
      <Filter>Source Files</Filter>
    </ClCompile>
    <ClCompile Include="..\source\source\service_install.cpp">
      <Filter>Source Files</Filter>
    </ClCompile>
    <ClCompile Include="..\source\source\servicehook.cpp">
      <Filter>Source Files</Filter>
    </ClCompile>
    <ClCompile Include="..\source\source\settingsbash.cpp">
      <Filter>Source Files</Filter>
    </ClCompile>
    <ClCompile Include="..\source\source\showhelp.cpp">
      <Filter>Source Files</Filter>
    </ClCompile>
    <ClCompile Include="..\source\source\termcolor.cpp">
      <Filter>Source Files</Filter>
    </ClCompile>
    <ClCompile Include="..\source\source\timez.cpp">
      <Filter>Source Files</Filter>
    </ClCompile>
    <ClCompile Include="..\source\source\utils.cpp">
      <Filter>Source Files</Filter>
    </ClCompile>
    <ClCompile Include="..\source\source\utils_docker.cpp">
      <Filter>Source Files</Filter>
    </ClCompile>
    <ClCompile Include="..\source\source\tests\test_settingsbash.cpp">
      <Filter>Source Files</Filter>
    </ClCompile>
    <ClCompile Include="..\source\source\tests\unittests.cpp">
      <Filter>Source Files</Filter>
    </ClCompile>
    <ClCompile Include="..\source\source\plugins\backupConfig.cpp">
      <Filter>Source Files</Filter>
    </ClCompile>
    <ClCompile Include="..\source\source\plugins\dbackup.cpp">
      <Filter>Source Files</Filter>
    </ClCompile>
    <ClCompile Include="..\source\source\plugins\plugins.cpp">
      <Filter>Source Files</Filter>
    </ClCompile>
    <ClCompile Include="..\source\source\drunner_setup.cpp">
      <Filter>Source Files</Filter>
    </ClCompile>
    <ClCompile Include="..\source\source\validateimage.cpp">
      <Filter>Source Files</Filter>
    </ClCompile>
    <ClCompile Include="..\source\source\drunner_paths.cpp">
      <Filter>Source Files</Filter>
    </ClCompile>
    <ClCompile Include="..\source\source\drunner_settings.cpp">
      <Filter>Source Files</Filter>
    </ClCompile>
    <ClCompile Include="..\source\source\service_log.cpp">
      <Filter>Source Files</Filter>
    </ClCompile>
    <ClCompile Include="..\source\source\service_paths.cpp">
      <Filter>Source Files</Filter>
    </ClCompile>
    <ClCompile Include="..\source\source\service_backupvars.cpp">
      <Filter>Source Files</Filter>
    </ClCompile>
    <ClCompile Include="..\source\source\test_utils.cpp">
      <Filter>Source Files</Filter>
    </ClCompile>
    <ClCompile Include="..\source\deps\lua\lapi.c">
      <Filter>Source Files\lua</Filter>
    </ClCompile>
    <ClCompile Include="..\source\deps\lua\lauxlib.c">
      <Filter>Source Files\lua</Filter>
    </ClCompile>
    <ClCompile Include="..\source\deps\lua\lbaselib.c">
      <Filter>Source Files\lua</Filter>
    </ClCompile>
    <ClCompile Include="..\source\deps\lua\lbitlib.c">
      <Filter>Source Files\lua</Filter>
    </ClCompile>
    <ClCompile Include="..\source\deps\lua\lcode.c">
      <Filter>Source Files\lua</Filter>
    </ClCompile>
    <ClCompile Include="..\source\deps\lua\lcorolib.c">
      <Filter>Source Files\lua</Filter>
    </ClCompile>
    <ClCompile Include="..\source\deps\lua\lctype.c">
      <Filter>Source Files\lua</Filter>
    </ClCompile>
    <ClCompile Include="..\source\deps\lua\ldblib.c">
      <Filter>Source Files\lua</Filter>
    </ClCompile>
    <ClCompile Include="..\source\deps\lua\ldebug.c">
      <Filter>Source Files\lua</Filter>
    </ClCompile>
    <ClCompile Include="..\source\deps\lua\ldo.c">
      <Filter>Source Files\lua</Filter>
    </ClCompile>
    <ClCompile Include="..\source\deps\lua\ldump.c">
      <Filter>Source Files\lua</Filter>
    </ClCompile>
    <ClCompile Include="..\source\deps\lua\lfunc.c">
      <Filter>Source Files\lua</Filter>
    </ClCompile>
    <ClCompile Include="..\source\deps\lua\lgc.c">
      <Filter>Source Files\lua</Filter>
    </ClCompile>
    <ClCompile Include="..\source\deps\lua\linit.c">
      <Filter>Source Files\lua</Filter>
    </ClCompile>
    <ClCompile Include="..\source\deps\lua\liolib.c">
      <Filter>Source Files\lua</Filter>
    </ClCompile>
    <ClCompile Include="..\source\deps\lua\llex.c">
      <Filter>Source Files\lua</Filter>
    </ClCompile>
    <ClCompile Include="..\source\deps\lua\lmathlib.c">
      <Filter>Source Files\lua</Filter>
    </ClCompile>
    <ClCompile Include="..\source\deps\lua\lmem.c">
      <Filter>Source Files\lua</Filter>
    </ClCompile>
    <ClCompile Include="..\source\deps\lua\loadlib.c">
      <Filter>Source Files\lua</Filter>
    </ClCompile>
    <ClCompile Include="..\source\deps\lua\lobject.c">
      <Filter>Source Files\lua</Filter>
    </ClCompile>
    <ClCompile Include="..\source\deps\lua\lopcodes.c">
      <Filter>Source Files\lua</Filter>
    </ClCompile>
    <ClCompile Include="..\source\deps\lua\loslib.c">
      <Filter>Source Files\lua</Filter>
    </ClCompile>
    <ClCompile Include="..\source\deps\lua\lparser.c">
      <Filter>Source Files\lua</Filter>
    </ClCompile>
    <ClCompile Include="..\source\deps\lua\lstate.c">
      <Filter>Source Files\lua</Filter>
    </ClCompile>
    <ClCompile Include="..\source\deps\lua\lstring.c">
      <Filter>Source Files\lua</Filter>
    </ClCompile>
    <ClCompile Include="..\source\deps\lua\lstrlib.c">
      <Filter>Source Files\lua</Filter>
    </ClCompile>
    <ClCompile Include="..\source\deps\lua\ltable.c">
      <Filter>Source Files\lua</Filter>
    </ClCompile>
    <ClCompile Include="..\source\deps\lua\ltablib.c">
      <Filter>Source Files\lua</Filter>
    </ClCompile>
    <ClCompile Include="..\source\deps\lua\ltm.c">
      <Filter>Source Files\lua</Filter>
    </ClCompile>
    <ClCompile Include="..\source\deps\lua\lundump.c">
      <Filter>Source Files\lua</Filter>
    </ClCompile>
    <ClCompile Include="..\source\deps\lua\lutf8lib.c">
      <Filter>Source Files\lua</Filter>
    </ClCompile>
    <ClCompile Include="..\source\deps\lua\lvm.c">
      <Filter>Source Files\lua</Filter>
    </ClCompile>
    <ClCompile Include="..\source\deps\lua\lzio.c">
      <Filter>Source Files\lua</Filter>
    </ClCompile>
    <ClCompile Include="..\source\source\service_lua.cpp">
      <Filter>Source Files</Filter>
    </ClCompile>
    <ClCompile Include="..\source\source\service_vars.cpp">
      <Filter>Source Files</Filter>
    </ClCompile>
    <ClCompile Include="..\source\source\variables.cpp">
      <Filter>Source Files</Filter>
    </ClCompile>
    <ClCompile Include="..\source\service_lua_cfuncs.cpp">
      <Filter>Source Files</Filter>
    </ClCompile>
  </ItemGroup>
  <ItemGroup>
    <ClInclude Include="..\source\source\buildnum.h">
      <Filter>Source Files</Filter>
    </ClInclude>
    <ClInclude Include="..\source\source\chmod.h">
      <Filter>Source Files</Filter>
    </ClInclude>
    <ClInclude Include="..\source\source\command_dev.h">
      <Filter>Source Files</Filter>
    </ClInclude>
    <ClInclude Include="..\source\source\command_general.h">
      <Filter>Source Files</Filter>
    </ClInclude>
    <ClInclude Include="..\source\source\compress.h">
      <Filter>Source Files</Filter>
    </ClInclude>
    <ClInclude Include="..\source\source\cresult.h">
      <Filter>Source Files</Filter>
    </ClInclude>
    <ClInclude Include="..\source\source\enums.h">
      <Filter>Source Files</Filter>
    </ClInclude>
    <ClInclude Include="..\source\source\exceptions.h">
      <Filter>Source Files</Filter>
    </ClInclude>
    <ClInclude Include="..\source\source\generate.h">
      <Filter>Source Files</Filter>
    </ClInclude>
    <ClInclude Include="..\source\source\globalcontext.h">
      <Filter>Source Files</Filter>
    </ClInclude>
    <ClInclude Include="..\source\source\globallogger.h">
      <Filter>Source Files</Filter>
    </ClInclude>
    <ClInclude Include="..\source\source\main.h">
      <Filter>Source Files</Filter>
    </ClInclude>
    <ClInclude Include="..\source\source\params.h">
      <Filter>Source Files</Filter>
    </ClInclude>
    <ClInclude Include="..\source\source\service.h">
      <Filter>Source Files</Filter>
    </ClInclude>
    <ClInclude Include="..\source\source\servicehook.h">
      <Filter>Source Files</Filter>
    </ClInclude>
    <ClInclude Include="..\source\source\settingsbash.h">
      <Filter>Source Files</Filter>
    </ClInclude>
    <ClInclude Include="..\source\source\sh_ddev.h">
      <Filter>Source Files</Filter>
    </ClInclude>
    <ClInclude Include="..\source\source\showhelp.h">
      <Filter>Source Files</Filter>
    </ClInclude>
    <ClInclude Include="..\source\source\termcolor.h">
      <Filter>Source Files</Filter>
    </ClInclude>
    <ClInclude Include="..\source\source\timez.h">
      <Filter>Source Files</Filter>
    </ClInclude>
    <ClInclude Include="..\source\source\utils.h">
      <Filter>Source Files</Filter>
    </ClInclude>
    <ClInclude Include="..\source\source\utils_docker.h">
      <Filter>Source Files</Filter>
    </ClInclude>
    <ClInclude Include="..\source\source\win\getopt.h">
      <Filter>Source Files</Filter>
    </ClInclude>
    <ClInclude Include="..\source\source\tests\unittests.h">
      <Filter>Source Files</Filter>
    </ClInclude>
    <ClInclude Include="..\source\source\plugins\backupConfig.h">
      <Filter>Source Files</Filter>
    </ClInclude>
    <ClInclude Include="..\source\source\plugins\dbackup.h">
      <Filter>Source Files</Filter>
    </ClInclude>
    <ClInclude Include="..\source\source\plugins\generate_plugin_script.h">
      <Filter>Source Files</Filter>
    </ClInclude>
    <ClInclude Include="..\source\source\plugins\plugins.h">
      <Filter>Source Files</Filter>
    </ClInclude>
    <ClInclude Include="..\source\source\drunner_setup.h">
      <Filter>Source Files</Filter>
    </ClInclude>
    <ClInclude Include="..\source\source\validateimage.h">
      <Filter>Source Files</Filter>
    </ClInclude>
    <ClInclude Include="..\source\source\drunner_paths.h">
      <Filter>Source Files</Filter>
    </ClInclude>
    <ClInclude Include="..\source\source\drunner_settings.h">
      <Filter>Source Files</Filter>
    </ClInclude>
    <ClInclude Include="..\source\source\service_log.h">
      <Filter>Source Files</Filter>
    </ClInclude>
    <ClInclude Include="..\source\source\service_paths.h">
      <Filter>Source Files</Filter>
    </ClInclude>
    <ClInclude Include="..\source\source\service_install.h">
      <Filter>Source Files</Filter>
    </ClInclude>
    <ClInclude Include="..\source\source\service_backupvars.h">
      <Filter>Source Files</Filter>
    </ClInclude>
    <ClInclude Include="..\source\source\basen.h">
      <Filter>Source Files</Filter>
    </ClInclude>
    <ClInclude Include="..\source\source\dassert.h">
      <Filter>Source Files</Filter>
    </ClInclude>
    <ClInclude Include="..\source\deps\lua\lapi.h">
      <Filter>Source Files\lua</Filter>
    </ClInclude>
    <ClInclude Include="..\source\deps\lua\lauxlib.h">
      <Filter>Source Files\lua</Filter>
    </ClInclude>
    <ClInclude Include="..\source\deps\lua\lcode.h">
      <Filter>Source Files\lua</Filter>
    </ClInclude>
    <ClInclude Include="..\source\deps\lua\lctype.h">
      <Filter>Source Files\lua</Filter>
    </ClInclude>
    <ClInclude Include="..\source\deps\lua\ldebug.h">
      <Filter>Source Files\lua</Filter>
    </ClInclude>
    <ClInclude Include="..\source\deps\lua\ldo.h">
      <Filter>Source Files\lua</Filter>
    </ClInclude>
    <ClInclude Include="..\source\deps\lua\lfunc.h">
      <Filter>Source Files\lua</Filter>
    </ClInclude>
    <ClInclude Include="..\source\deps\lua\lgc.h">
      <Filter>Source Files\lua</Filter>
    </ClInclude>
    <ClInclude Include="..\source\deps\lua\llex.h">
      <Filter>Source Files\lua</Filter>
    </ClInclude>
    <ClInclude Include="..\source\deps\lua\llimits.h">
      <Filter>Source Files\lua</Filter>
    </ClInclude>
    <ClInclude Include="..\source\deps\lua\lmem.h">
      <Filter>Source Files\lua</Filter>
    </ClInclude>
    <ClInclude Include="..\source\deps\lua\lobject.h">
      <Filter>Source Files\lua</Filter>
    </ClInclude>
    <ClInclude Include="..\source\deps\lua\lopcodes.h">
      <Filter>Source Files\lua</Filter>
    </ClInclude>
    <ClInclude Include="..\source\deps\lua\lparser.h">
      <Filter>Source Files\lua</Filter>
    </ClInclude>
    <ClInclude Include="..\source\deps\lua\lprefix.h">
      <Filter>Source Files\lua</Filter>
    </ClInclude>
    <ClInclude Include="..\source\deps\lua\lstate.h">
      <Filter>Source Files\lua</Filter>
    </ClInclude>
    <ClInclude Include="..\source\deps\lua\lstring.h">
      <Filter>Source Files\lua</Filter>
    </ClInclude>
    <ClInclude Include="..\source\deps\lua\ltable.h">
      <Filter>Source Files\lua</Filter>
    </ClInclude>
    <ClInclude Include="..\source\deps\lua\ltm.h">
      <Filter>Source Files\lua</Filter>
    </ClInclude>
    <ClInclude Include="..\source\deps\lua\lua.h">
      <Filter>Source Files\lua</Filter>
    </ClInclude>
    <ClInclude Include="..\source\deps\lua\lua.hpp">
      <Filter>Source Files\lua</Filter>
    </ClInclude>
    <ClInclude Include="..\source\deps\lua\luaconf.h">
      <Filter>Source Files\lua</Filter>
    </ClInclude>
    <ClInclude Include="..\source\deps\lua\lualib.h">
      <Filter>Source Files\lua</Filter>
    </ClInclude>
    <ClInclude Include="..\source\deps\lua\lundump.h">
      <Filter>Source Files\lua</Filter>
    </ClInclude>
    <ClInclude Include="..\source\deps\lua\lvm.h">
      <Filter>Source Files\lua</Filter>
    </ClInclude>
    <ClInclude Include="..\source\deps\lua\lzio.h">
      <Filter>Source Files\lua</Filter>
    </ClInclude>
    <ClInclude Include="..\source\source\service_lua.h">
      <Filter>Source Files</Filter>
    </ClInclude>
    <ClInclude Include="..\source\source\service_vars.h">
      <Filter>Source Files</Filter>
    </ClInclude>
    <ClInclude Include="..\source\source\variables.h">
      <Filter>Source Files</Filter>
    </ClInclude>
  </ItemGroup>
</Project>