<?xml version="1.0" encoding="utf-8"?>
<Project ToolsVersion="4.0" xmlns="http://schemas.microsoft.com/developer/msbuild/2003">
  <ItemGroup>
    <Filter Include="Source Files">
      <UniqueIdentifier>{4FC737F1-C7A5-4376-A066-2A32D752A2FF}</UniqueIdentifier>
      <Extensions>cpp;c;cc;cxx;def;odl;idl;hpj;bat;asm;asmx</Extensions>
    </Filter>
    <Filter Include="Header Files">
      <UniqueIdentifier>{93995380-89BD-4b04-88EB-625FBE52EBFB}</UniqueIdentifier>
      <Extensions>h;hh;hpp;hxx;hm;inl;inc;xsd</Extensions>
    </Filter>
    <Filter Include="settings">
      <UniqueIdentifier>{573de306-c2b3-47c2-be8a-d6bcc0ccc8a5}</UniqueIdentifier>
    </Filter>
    <Filter Include="generators">
      <UniqueIdentifier>{65a7f62a-d977-4470-acf7-7bcfbd90b1e6}</UniqueIdentifier>
    </Filter>
    <Filter Include="UnitTests">
      <UniqueIdentifier>{40cd9842-c1d9-4b0e-8e32-7e1367202fcd}</UniqueIdentifier>
    </Filter>
  </ItemGroup>
  <ItemGroup>
    <ClInclude Include="$(SolutionDir)\..\buildnum\build_number.h">
      <Filter>Header Files</Filter>
    </ClInclude>
    <ClInclude Include="$(SolutionDir)\..\source\command_dev.h">
      <Filter>Header Files</Filter>
    </ClInclude>
    <ClInclude Include="$(SolutionDir)\..\source\command_general.h">
      <Filter>Header Files</Filter>
    </ClInclude>
    <ClInclude Include="$(SolutionDir)\..\source\command_setup.h">
      <Filter>Header Files</Filter>
    </ClInclude>
    <ClInclude Include="$(SolutionDir)\..\source\compress.h">
      <Filter>Header Files</Filter>
    </ClInclude>
    <ClInclude Include="$(SolutionDir)\..\source\cresult.h">
      <Filter>Header Files</Filter>
    </ClInclude>
    <ClInclude Include="$(SolutionDir)\..\source\enums.h">
      <Filter>Header Files</Filter>
    </ClInclude>
    <ClInclude Include="$(SolutionDir)\..\source\exceptions.h">
      <Filter>Header Files</Filter>
    </ClInclude>
    <ClInclude Include="$(SolutionDir)\..\source\logmsg.h">
      <Filter>Header Files</Filter>
    </ClInclude>
    <ClInclude Include="$(SolutionDir)\..\source\main.h">
      <Filter>Header Files</Filter>
    </ClInclude>
    <ClInclude Include="$(SolutionDir)\..\source\params.h">
      <Filter>Header Files</Filter>
    </ClInclude>
    <ClInclude Include="$(SolutionDir)\..\source\pstream.h">
      <Filter>Header Files</Filter>
    </ClInclude>
    <ClInclude Include="$(SolutionDir)\..\source\service.h">
      <Filter>Header Files</Filter>
    </ClInclude>
    <ClInclude Include="$(SolutionDir)\..\source\servicehook.h">
      <Filter>Header Files</Filter>
    </ClInclude>
    <ClInclude Include="$(SolutionDir)\..\source\showhelp.h">
      <Filter>Header Files</Filter>
    </ClInclude>
    <ClInclude Include="$(SolutionDir)\..\source\termcolor.h">
      <Filter>Header Files</Filter>
    </ClInclude>
    <ClInclude Include="$(SolutionDir)\..\source\utils.h">
      <Filter>Header Files</Filter>
    </ClInclude>
    <ClInclude Include="$(SolutionDir)\..\source\settings\settingsbash.h">
      <Filter>settings</Filter>
    </ClInclude>
    <ClInclude Include="$(SolutionDir)\..\source\settings\sh_ddev.h">
      <Filter>settings</Filter>
    </ClInclude>
    <ClInclude Include="$(SolutionDir)\..\source\settings\sh_drunnercfg.h">
      <Filter>settings</Filter>
    </ClInclude>
    <ClInclude Include="$(SolutionDir)\..\source\settings\sh_servicecfg.h">
      <Filter>settings</Filter>
    </ClInclude>
    <ClInclude Include="$(SolutionDir)\..\source\settings\sh_variables.h">
      <Filter>settings</Filter>
    </ClInclude>
    <ClInclude Include="$(SolutionDir)\..\source\generators\generate_validator_image.h">
      <Filter>generators</Filter>
    </ClInclude>
    <ClInclude Include="$(SolutionDir)\..\source\generators\generate.h">
      <Filter>generators</Filter>
    </ClInclude>
    <ClInclude Include="$(SolutionDir)\..\source\generators\generate_utils_sh.h">
      <Filter>generators</Filter>
    </ClInclude>
    <ClInclude Include="..\..\source\drunnercompose.h">
      <Filter>Header Files</Filter>
    </ClInclude>
    <ClInclude Include="..\..\source\buildnum.h">
      <Filter>Header Files</Filter>
    </ClInclude>
    <ClInclude Include="$(SolutionDir)\..\source\tests\catch.h">
      <Filter>UnitTests</Filter>
    </ClInclude>
    <ClInclude Include="$(SolutionDir)\..\source\tests\unittests.h">
      <Filter>UnitTests</Filter>
    </ClInclude>
    <ClInclude Include="..\..\source\settings\sh_servicevars.h">
      <Filter>settings</Filter>
    </ClInclude>
    <ClInclude Include="..\..\source\settings\sh_backupvars.h">
      <Filter>settings</Filter>
    </ClInclude>
  </ItemGroup>
  <ItemGroup>
    <ClCompile Include="$(SolutionDir)\..\source\command_dev.cpp">
      <Filter>Source Files</Filter>
    </ClCompile>
    <ClCompile Include="$(SolutionDir)\..\source\command_general.cpp">
      <Filter>Source Files</Filter>
    </ClCompile>
    <ClCompile Include="$(SolutionDir)\..\source\compress.cpp">
      <Filter>Source Files</Filter>
    </ClCompile>
    <ClCompile Include="$(SolutionDir)\..\source\servicehook.cpp">
      <Filter>Source Files</Filter>
    </ClCompile>
    <ClCompile Include="$(SolutionDir)\..\source\service_backup.cpp">
      <Filter>Source Files</Filter>
    </ClCompile>
    <ClCompile Include="$(SolutionDir)\..\source\service_install.cpp">
      <Filter>Source Files</Filter>
    </ClCompile>
    <ClCompile Include="$(SolutionDir)\..\source\command_setup.cpp">
      <Filter>Source Files</Filter>
    </ClCompile>
    <ClCompile Include="$(SolutionDir)\..\source\logmsg.cpp">
      <Filter>Source Files</Filter>
    </ClCompile>
    <ClCompile Include="$(SolutionDir)\..\source\main.cpp">
      <Filter>Source Files</Filter>
    </ClCompile>
    <ClCompile Include="$(SolutionDir)\..\source\params.cpp">
      <Filter>Source Files</Filter>
    </ClCompile>
    <ClCompile Include="$(SolutionDir)\..\source\service.cpp">
      <Filter>Source Files</Filter>
    </ClCompile>
    <ClCompile Include="$(SolutionDir)\..\source\showhelp.cpp">
      <Filter>Source Files</Filter>
    </ClCompile>
    <ClCompile Include="$(SolutionDir)\..\source\utils.cpp">
      <Filter>Source Files</Filter>
    </ClCompile>
    <ClCompile Include="$(SolutionDir)\..\source\settings\sh_drunnercfg.cpp">
      <Filter>settings</Filter>
    </ClCompile>
    <ClCompile Include="$(SolutionDir)\..\source\generators\generate.cpp">
      <Filter>generators</Filter>
    </ClCompile>
    <ClCompile Include="$(SolutionDir)\..\source\settings\settingsbash.cpp">
      <Filter>settings</Filter>
    </ClCompile>
    <ClCompile Include="..\..\source\drunnercompose.cpp">
      <Filter>Source Files</Filter>
    </ClCompile>
    <ClCompile Include="..\..\source\buildnum.cpp">
      <Filter>Source Files</Filter>
    </ClCompile>
    <ClCompile Include="$(SolutionDir)\..\source\tests\unittests.cpp">
      <Filter>UnitTests</Filter>
    </ClCompile>
    <ClCompile Include="$(SolutionDir)\..\source\tests\test_settingsbash.cpp">
      <Filter>UnitTests</Filter>
    </ClCompile>
  </ItemGroup>
</Project>