<?xml version="1.0" encoding="utf-8"?>
<Project ToolsVersion="4.0" xmlns="http://schemas.microsoft.com/developer/msbuild/2003">
  <ItemGroup>
    <Filter Include="UnitTests">
      <UniqueIdentifier>{40cd9842-c1d9-4b0e-8e32-7e1367202fcd}</UniqueIdentifier>
    </Filter>
    <Filter Include="Source">
      <UniqueIdentifier>{2ff9370b-c012-4d33-adbc-eab750131b0d}</UniqueIdentifier>
    </Filter>
    <Filter Include="Source\Plugins">
      <UniqueIdentifier>{f0bfd8c2-d7aa-4f0f-8056-77ce18b40cfc}</UniqueIdentifier>
    </Filter>
  </ItemGroup>
  <ItemGroup>
    <ClInclude Include="$(SolutionDir)\..\source\tests\unittests.h">
      <Filter>UnitTests</Filter>
    </ClInclude>
    <ClInclude Include="..\..\source\buildnum.h">
      <Filter>Source</Filter>
    </ClInclude>
    <ClInclude Include="..\..\source\command_dev.h">
      <Filter>Source</Filter>
    </ClInclude>
    <ClInclude Include="..\..\source\command_general.h">
      <Filter>Source</Filter>
    </ClInclude>
    <ClInclude Include="..\..\source\command_setup.h">
      <Filter>Source</Filter>
    </ClInclude>
    <ClInclude Include="..\..\source\compress.h">
      <Filter>Source</Filter>
    </ClInclude>
    <ClInclude Include="..\..\source\cresult.h">
      <Filter>Source</Filter>
    </ClInclude>
    <ClInclude Include="..\..\source\drunnercompose.h">
      <Filter>Source</Filter>
    </ClInclude>
    <ClInclude Include="..\..\source\dservicelogger.h">
      <Filter>Source</Filter>
    </ClInclude>
    <ClInclude Include="..\..\source\enums.h">
      <Filter>Source</Filter>
    </ClInclude>
    <ClInclude Include="..\..\source\exceptions.h">
      <Filter>Source</Filter>
    </ClInclude>
    <ClInclude Include="..\..\source\generate.h">
      <Filter>Source</Filter>
    </ClInclude>
    <ClInclude Include="..\..\source\generate_utils_sh.h">
      <Filter>Source</Filter>
    </ClInclude>
    <ClInclude Include="..\..\source\generate_validator_image.h">
      <Filter>Source</Filter>
    </ClInclude>
    <ClInclude Include="..\..\source\globalcontext.h">
      <Filter>Source</Filter>
    </ClInclude>
    <ClInclude Include="..\..\source\globallogger.h">
      <Filter>Source</Filter>
    </ClInclude>
    <ClInclude Include="..\..\source\main.h">
      <Filter>Source</Filter>
    </ClInclude>
    <ClInclude Include="..\..\source\params.h">
      <Filter>Source</Filter>
    </ClInclude>
    <ClInclude Include="..\..\source\pstream.h">
      <Filter>Source</Filter>
    </ClInclude>
    <ClInclude Include="..\..\source\service.h">
      <Filter>Source</Filter>
    </ClInclude>
    <ClInclude Include="..\..\source\servicehook.h">
      <Filter>Source</Filter>
    </ClInclude>
    <ClInclude Include="..\..\source\settingsbash.h">
      <Filter>Source</Filter>
    </ClInclude>
    <ClInclude Include="..\..\source\sh_backupvars.h">
      <Filter>Source</Filter>
    </ClInclude>
    <ClInclude Include="..\..\source\sh_ddev.h">
      <Filter>Source</Filter>
    </ClInclude>
    <ClInclude Include="..\..\source\sh_drunnercfg.h">
      <Filter>Source</Filter>
    </ClInclude>
    <ClInclude Include="..\..\source\sh_servicevars.h">
      <Filter>Source</Filter>
    </ClInclude>
    <ClInclude Include="..\..\source\showhelp.h">
      <Filter>Source</Filter>
    </ClInclude>
    <ClInclude Include="..\..\source\termcolor.h">
      <Filter>Source</Filter>
    </ClInclude>
    <ClInclude Include="..\..\source\utils.h">
      <Filter>Source</Filter>
    </ClInclude>
    <ClInclude Include="..\..\source\utils_docker.h">
      <Filter>Source</Filter>
    </ClInclude>
    <ClInclude Include="..\..\source\timez.h">
      <Filter>Source</Filter>
    </ClInclude>
    <ClInclude Include="..\..\source\plugins\plugins.h">
      <Filter>Source\Plugins</Filter>
    </ClInclude>
    <ClInclude Include="..\..\source\plugins\dbackup.h">
      <Filter>Source\Plugins</Filter>
    </ClInclude>
    <ClInclude Include="..\..\source\plugins\generate_plugin_script.h">
      <Filter>Source\Plugins</Filter>
    </ClInclude>
    <ClInclude Include="..\..\source\plugins\backupConfig.h">
      <Filter>Source\Plugins</Filter>
    </ClInclude>
    <ClInclude Include="..\..\deps\catch\catch.h">
      <Filter>Source</Filter>
    </ClInclude>
    <ClInclude Include="..\..\source\chmod.h">
      <Filter>Source</Filter>
    </ClInclude>
    <ClInclude Include="..\..\source\win\getopt.h">
      <Filter>Source</Filter>
    </ClInclude>
  </ItemGroup>
  <ItemGroup>
    <ClCompile Include="$(SolutionDir)\..\source\tests\unittests.cpp">
      <Filter>UnitTests</Filter>
    </ClCompile>
    <ClCompile Include="$(SolutionDir)\..\source\tests\test_settingsbash.cpp">
      <Filter>UnitTests</Filter>
    </ClCompile>
    <ClCompile Include="..\..\source\buildnum.cpp">
      <Filter>Source</Filter>
    </ClCompile>
    <ClCompile Include="..\..\source\command_dev.cpp">
      <Filter>Source</Filter>
    </ClCompile>
    <ClCompile Include="..\..\source\command_general.cpp">
      <Filter>Source</Filter>
    </ClCompile>
    <ClCompile Include="..\..\source\command_setup.cpp">
      <Filter>Source</Filter>
    </ClCompile>
    <ClCompile Include="..\..\source\compress.cpp">
      <Filter>Source</Filter>
    </ClCompile>
    <ClCompile Include="..\..\source\drunnercompose.cpp">
      <Filter>Source</Filter>
    </ClCompile>
    <ClCompile Include="..\..\source\dservicelogger.cpp">
      <Filter>Source</Filter>
    </ClCompile>
    <ClCompile Include="..\..\source\exceptions.cpp">
      <Filter>Source</Filter>
    </ClCompile>
    <ClCompile Include="..\..\source\generate.cpp">
      <Filter>Source</Filter>
    </ClCompile>
    <ClCompile Include="..\..\source\globalcontext.cpp">
      <Filter>Source</Filter>
    </ClCompile>
    <ClCompile Include="..\..\source\globallogger.cpp">
      <Filter>Source</Filter>
    </ClCompile>
    <ClCompile Include="..\..\source\main.cpp">
      <Filter>Source</Filter>
    </ClCompile>
    <ClCompile Include="..\..\source\params.cpp">
      <Filter>Source</Filter>
    </ClCompile>
    <ClCompile Include="..\..\source\service.cpp">
      <Filter>Source</Filter>
    </ClCompile>
    <ClCompile Include="..\..\source\service_backup.cpp">
      <Filter>Source</Filter>
    </ClCompile>
    <ClCompile Include="..\..\source\service_install.cpp">
      <Filter>Source</Filter>
    </ClCompile>
    <ClCompile Include="..\..\source\servicehook.cpp">
      <Filter>Source</Filter>
    </ClCompile>
    <ClCompile Include="..\..\source\settingsbash.cpp">
      <Filter>Source</Filter>
    </ClCompile>
    <ClCompile Include="..\..\source\sh_drunnercfg.cpp">
      <Filter>Source</Filter>
    </ClCompile>
    <ClCompile Include="..\..\source\showhelp.cpp">
      <Filter>Source</Filter>
    </ClCompile>
    <ClCompile Include="..\..\source\utils.cpp">
      <Filter>Source</Filter>
    </ClCompile>
    <ClCompile Include="..\..\source\utils_docker.cpp">
      <Filter>Source</Filter>
    </ClCompile>
    <ClCompile Include="..\..\source\timez.cpp">
      <Filter>Source</Filter>
    </ClCompile>
    <ClCompile Include="..\..\source\plugins\plugins.cpp">
      <Filter>Source\Plugins</Filter>
    </ClCompile>
    <ClCompile Include="..\..\source\plugins\dbackup.cpp">
      <Filter>Source\Plugins</Filter>
    </ClCompile>
    <ClCompile Include="..\..\source\plugins\backupConfig.cpp">
      <Filter>Source\Plugins</Filter>
    </ClCompile>
  </ItemGroup>
</Project>