<?xml version="1.0" encoding="utf-8"?>
<Project ToolsVersion="4.0" xmlns="http://schemas.microsoft.com/developer/msbuild/2003">
  <ItemGroup>
    <Filter Include="Source Files">
      <UniqueIdentifier>{4FC737F1-C7A5-4376-A066-2A32D752A2FF}</UniqueIdentifier>
      <Extensions>cpp;c;cc;cxx;def;odl;idl;hpj;bat;asm;asmx</Extensions>
    </Filter>
    <Filter Include="Header Files">
      <UniqueIdentifier>{93995380-89BD-4b04-88EB-625FBE52EBFB}</UniqueIdentifier>
      <Extensions>h;hh;hpp;hxx;hm;inl;inc;xsd</Extensions>
    </Filter>
    <Filter Include="Resource Files">
      <UniqueIdentifier>{67DA6AB6-F800-4c08-8B7A-83BB121AAD01}</UniqueIdentifier>
      <Extensions>rc;ico;cur;bmp;dlg;rc2;rct;bin;rgs;gif;jpg;jpeg;jpe;resx;tiff;tif;png;wav</Extensions>
    </Filter>
  </ItemGroup>
  <ItemGroup>
    <ClCompile Include="..\source\buildnum.cpp">
      <Filter>Source Files</Filter>
    </ClCompile>
    <ClCompile Include="..\source\checkbasics.cpp">
      <Filter>Source Files</Filter>
    </ClCompile>
    <ClCompile Include="..\source\command_dev.cpp">
      <Filter>Source Files</Filter>
    </ClCompile>
    <ClCompile Include="..\source\command_general.cpp">
      <Filter>Source Files</Filter>
    </ClCompile>
    <ClCompile Include="..\source\command_setup.cpp">
      <Filter>Source Files</Filter>
    </ClCompile>
    <ClCompile Include="..\source\compress.cpp">
      <Filter>Source Files</Filter>
    </ClCompile>
    <ClCompile Include="..\source\drunnercompose.cpp">
      <Filter>Source Files</Filter>
    </ClCompile>
    <ClCompile Include="..\source\dservicelogger.cpp">
      <Filter>Source Files</Filter>
    </ClCompile>
    <ClCompile Include="..\source\exceptions.cpp">
      <Filter>Source Files</Filter>
    </ClCompile>
    <ClCompile Include="..\source\generate.cpp">
      <Filter>Source Files</Filter>
    </ClCompile>
    <ClCompile Include="..\source\globalcontext.cpp">
      <Filter>Source Files</Filter>
    </ClCompile>
    <ClCompile Include="..\source\globallogger.cpp">
      <Filter>Source Files</Filter>
    </ClCompile>
    <ClCompile Include="..\source\main.cpp">
      <Filter>Source Files</Filter>
    </ClCompile>
    <ClCompile Include="..\source\params.cpp">
      <Filter>Source Files</Filter>
    </ClCompile>
    <ClCompile Include="..\source\service.cpp">
      <Filter>Source Files</Filter>
    </ClCompile>
    <ClCompile Include="..\source\servicehook.cpp">
      <Filter>Source Files</Filter>
    </ClCompile>
    <ClCompile Include="..\source\service_backup.cpp">
      <Filter>Source Files</Filter>
    </ClCompile>
    <ClCompile Include="..\source\service_install.cpp">
      <Filter>Source Files</Filter>
    </ClCompile>
    <ClCompile Include="..\source\settingsbash.cpp">
      <Filter>Source Files</Filter>
    </ClCompile>
    <ClCompile Include="..\source\showhelp.cpp">
      <Filter>Source Files</Filter>
    </ClCompile>
    <ClCompile Include="..\source\sh_drunnercfg.cpp">
      <Filter>Source Files</Filter>
    </ClCompile>
    <ClCompile Include="..\source\termcolor.cpp">
      <Filter>Source Files</Filter>
    </ClCompile>
    <ClCompile Include="..\source\timez.cpp">
      <Filter>Source Files</Filter>
    </ClCompile>
    <ClCompile Include="..\source\utils.cpp">
      <Filter>Source Files</Filter>
    </ClCompile>
    <ClCompile Include="..\source\utils_docker.cpp">
      <Filter>Source Files</Filter>
    </ClCompile>
    <ClCompile Include="..\source\plugins\backupConfig.cpp">
      <Filter>Source Files</Filter>
    </ClCompile>
    <ClCompile Include="..\source\plugins\dbackup.cpp">
      <Filter>Source Files</Filter>
    </ClCompile>
    <ClCompile Include="..\source\plugins\plugins.cpp">
      <Filter>Source Files</Filter>
    </ClCompile>
    <ClCompile Include="..\source\tests\test_settingsbash.cpp">
      <Filter>Source Files</Filter>
    </ClCompile>
    <ClCompile Include="..\source\tests\unittests.cpp">
      <Filter>Source Files</Filter>
    </ClCompile>
  </ItemGroup>
  <ItemGroup>
    <ClInclude Include="..\source\checkbasics.h">
      <Filter>Header Files</Filter>
    </ClInclude>
    <ClInclude Include="..\source\command_dev.h">
      <Filter>Header Files</Filter>
    </ClInclude>
    <ClInclude Include="..\source\command_general.h">
      <Filter>Header Files</Filter>
    </ClInclude>
    <ClInclude Include="..\source\command_setup.h">
      <Filter>Header Files</Filter>
    </ClInclude>
    <ClInclude Include="..\source\compress.h">
      <Filter>Header Files</Filter>
    </ClInclude>
    <ClInclude Include="..\source\cresult.h">
      <Filter>Header Files</Filter>
    </ClInclude>
    <ClInclude Include="..\source\drunnercompose.h">
      <Filter>Header Files</Filter>
    </ClInclude>
    <ClInclude Include="..\source\dservicelogger.h">
      <Filter>Header Files</Filter>
    </ClInclude>
    <ClInclude Include="..\source\enums.h">
      <Filter>Header Files</Filter>
    </ClInclude>
    <ClInclude Include="..\source\exceptions.h">
      <Filter>Header Files</Filter>
    </ClInclude>
    <ClInclude Include="..\source\generate.h">
      <Filter>Header Files</Filter>
    </ClInclude>
    <ClInclude Include="..\source\generate_utils_sh.h">
      <Filter>Header Files</Filter>
    </ClInclude>
    <ClInclude Include="..\source\generate_validator_image.h">
      <Filter>Header Files</Filter>
    </ClInclude>
    <ClInclude Include="..\source\globalcontext.h">
      <Filter>Header Files</Filter>
    </ClInclude>
    <ClInclude Include="..\source\globallogger.h">
      <Filter>Header Files</Filter>
    </ClInclude>
    <ClInclude Include="..\source\main.h">
      <Filter>Header Files</Filter>
    </ClInclude>
    <ClInclude Include="..\source\params.h">
      <Filter>Header Files</Filter>
    </ClInclude>
    <ClInclude Include="..\source\pstream.h">
      <Filter>Header Files</Filter>
    </ClInclude>
    <ClInclude Include="..\source\service.h">
      <Filter>Header Files</Filter>
    </ClInclude>
    <ClInclude Include="..\source\servicehook.h">
      <Filter>Header Files</Filter>
    </ClInclude>
    <ClInclude Include="..\source\settingsbash.h">
      <Filter>Header Files</Filter>
    </ClInclude>
    <ClInclude Include="..\source\showhelp.h">
      <Filter>Header Files</Filter>
    </ClInclude>
    <ClInclude Include="..\source\sh_backupvars.h">
      <Filter>Header Files</Filter>
    </ClInclude>
    <ClInclude Include="..\source\sh_ddev.h">
      <Filter>Header Files</Filter>
    </ClInclude>
    <ClInclude Include="..\source\sh_drunnercfg.h">
      <Filter>Header Files</Filter>
    </ClInclude>
    <ClInclude Include="..\source\sh_servicevars.h">
      <Filter>Header Files</Filter>
    </ClInclude>
    <ClInclude Include="..\source\termcolor.h">
      <Filter>Header Files</Filter>
    </ClInclude>
    <ClInclude Include="..\source\timez.h">
      <Filter>Header Files</Filter>
    </ClInclude>
    <ClInclude Include="..\source\utils.h">
      <Filter>Header Files</Filter>
    </ClInclude>
    <ClInclude Include="..\source\utils_docker.h">
      <Filter>Header Files</Filter>
    </ClInclude>
    <ClInclude Include="..\source\plugins\backupConfig.h">
      <Filter>Header Files</Filter>
    </ClInclude>
    <ClInclude Include="..\source\plugins\dbackup.h">
      <Filter>Header Files</Filter>
    </ClInclude>
    <ClInclude Include="..\source\plugins\generate_plugin_script.h">
      <Filter>Header Files</Filter>
    </ClInclude>
    <ClInclude Include="..\source\plugins\plugins.h">
      <Filter>Header Files</Filter>
    </ClInclude>
    <ClInclude Include="..\source\tests\unittests.h">
      <Filter>Header Files</Filter>
    </ClInclude>
    <ClInclude Include="..\source\win\chmod.h">
      <Filter>Header Files</Filter>
    </ClInclude>
    <ClInclude Include="..\source\win\getopt.h">
      <Filter>Header Files</Filter>
    </ClInclude>
    <ClInclude Include="..\source\buildnum.h">
      <Filter>Header Files</Filter>
    </ClInclude>
  </ItemGroup>
</Project>